
Microsoft Visual Studio Solution File, Format Version 12.00
# Visual Studio 2012
Project("{FAE04EC0-301F-11D3-BF4B-00C04F79EFBC}") = "Domain", "Domain\Domain.csproj", "{9F47AE29-1A4B-41CC-AFF6-22038D2ED6D9}"
EndProject
Project("{FAE04EC0-301F-11D3-BF4B-00C04F79EFBC}") = "WebUI", "WebUI\WebUI.csproj", "{091329DA-C6AC-4441-88DA-769779425F49}"
	ProjectSection(ProjectDependencies) = postProject
		{9F47AE29-1A4B-41CC-AFF6-22038D2ED6D9} = {9F47AE29-1A4B-41CC-AFF6-22038D2ED6D9}
	EndProjectSection
EndProject
Global
	GlobalSection(SolutionConfigurationPlatforms) = preSolution
		Debug|Any CPU = Debug|Any CPU
		Release|Any CPU = Release|Any CPU
	EndGlobalSection
	GlobalSection(ProjectConfigurationPlatforms) = postSolution
		{9F47AE29-1A4B-41CC-AFF6-22038D2ED6D9}.Debug|Any CPU.ActiveCfg = Debug|Any CPU
		{9F47AE29-1A4B-41CC-AFF6-22038D2ED6D9}.Debug|Any CPU.Build.0 = Debug|Any CPU
		{9F47AE29-1A4B-41CC-AFF6-22038D2ED6D9}.Release|Any CPU.ActiveCfg = Release|Any CPU
		{9F47AE29-1A4B-41CC-AFF6-22038D2ED6D9}.Release|Any CPU.Build.0 = Release|Any CPU
		{091329DA-C6AC-4441-88DA-769779425F49}.Debug|Any CPU.ActiveCfg = Debug|Any CPU
		{091329DA-C6AC-4441-88DA-769779425F49}.Debug|Any CPU.Build.0 = Debug|Any CPU
		{091329DA-C6AC-4441-88DA-769779425F49}.Release|Any CPU.ActiveCfg = Release|Any CPU
		{091329DA-C6AC-4441-88DA-769779425F49}.Release|Any CPU.Build.0 = Release|Any CPU
	EndGlobalSection
	GlobalSection(SolutionProperties) = preSolution
		HideSolutionNode = FALSE
	EndGlobalSection
EndGlobal
